// !$*UTF8*$!
{
	archiveVersion = 1;
	classes = {
	};
	objectVersion = 56;
	objects = {

/* Begin PBXBuildFile section */
		6F83B7262BCED05400A95CD8 /* AppDelegate.swift in Sources */ = {isa = PBXBuildFile; fileRef = 6F83B7252BCED05400A95CD8 /* AppDelegate.swift */; };
		6F83B7282BCED05400A95CD8 /* SceneDelegate.swift in Sources */ = {isa = PBXBuildFile; fileRef = 6F83B7272BCED05400A95CD8 /* SceneDelegate.swift */; };
		6F83B72A2BCED05400A95CD8 /* MainViewController.swift in Sources */ = {isa = PBXBuildFile; fileRef = 6F83B7292BCED05400A95CD8 /* MainViewController.swift */; };
		6F83B72D2BCED05400A95CD8 /* Main.storyboard in Resources */ = {isa = PBXBuildFile; fileRef = 6F83B72B2BCED05400A95CD8 /* Main.storyboard */; };
		6F83B72F2BCED05700A95CD8 /* Assets.xcassets in Resources */ = {isa = PBXBuildFile; fileRef = 6F83B72E2BCED05700A95CD8 /* Assets.xcassets */; };
		6F83B7322BCED05700A95CD8 /* LaunchScreen.storyboard in Resources */ = {isa = PBXBuildFile; fileRef = 6F83B7302BCED05700A95CD8 /* LaunchScreen.storyboard */; };
		6F83B73E2BCED3A400A95CD8 /* ViewModel.swift in Sources */ = {isa = PBXBuildFile; fileRef = 6F83B73D2BCED3A400A95CD8 /* ViewModel.swift */; };
		6F83B7402BCED3BE00A95CD8 /* View.swift in Sources */ = {isa = PBXBuildFile; fileRef = 6F83B73F2BCED3BE00A95CD8 /* View.swift */; };
		6F83B7442BCF05E300A95CD8 /* agePickerVC.swift in Sources */ = {isa = PBXBuildFile; fileRef = 6F83B7432BCF05E300A95CD8 /* agePickerVC.swift */; };
/* End PBXBuildFile section */

/* Begin PBXFileReference section */
		6F83B7222BCED05400A95CD8 /* AgePickerComponent.app */ = {isa = PBXFileReference; explicitFileType = wrapper.application; includeInIndex = 0; path = AgePickerComponent.app; sourceTree = BUILT_PRODUCTS_DIR; };
		6F83B7252BCED05400A95CD8 /* AppDelegate.swift */ = {isa = PBXFileReference; lastKnownFileType = sourcecode.swift; path = AppDelegate.swift; sourceTree = "<group>"; };
		6F83B7272BCED05400A95CD8 /* SceneDelegate.swift */ = {isa = PBXFileReference; lastKnownFileType = sourcecode.swift; path = SceneDelegate.swift; sourceTree = "<group>"; };
		6F83B7292BCED05400A95CD8 /* MainViewController.swift */ = {isa = PBXFileReference; lastKnownFileType = sourcecode.swift; path = MainViewController.swift; sourceTree = "<group>"; };
		6F83B72C2BCED05400A95CD8 /* Base */ = {isa = PBXFileReference; lastKnownFileType = file.storyboard; name = Base; path = Base.lproj/Main.storyboard; sourceTree = "<group>"; };
		6F83B72E2BCED05700A95CD8 /* Assets.xcassets */ = {isa = PBXFileReference; lastKnownFileType = folder.assetcatalog; path = Assets.xcassets; sourceTree = "<group>"; };
		6F83B7312BCED05700A95CD8 /* Base */ = {isa = PBXFileReference; lastKnownFileType = file.storyboard; name = Base; path = Base.lproj/LaunchScreen.storyboard; sourceTree = "<group>"; };
		6F83B7332BCED05700A95CD8 /* Info.plist */ = {isa = PBXFileReference; lastKnownFileType = text.plist.xml; path = Info.plist; sourceTree = "<group>"; };
		6F83B73D2BCED3A400A95CD8 /* ViewModel.swift */ = {isa = PBXFileReference; lastKnownFileType = sourcecode.swift; path = ViewModel.swift; sourceTree = "<group>"; };
		6F83B73F2BCED3BE00A95CD8 /* View.swift */ = {isa = PBXFileReference; lastKnownFileType = sourcecode.swift; path = View.swift; sourceTree = "<group>"; };
		6F83B7432BCF05E300A95CD8 /* agePickerVC.swift */ = {isa = PBXFileReference; lastKnownFileType = sourcecode.swift; path = agePickerVC.swift; sourceTree = "<group>"; };
/* End PBXFileReference section */

/* Begin PBXFrameworksBuildPhase section */
		6F83B71F2BCED05400A95CD8 /* Frameworks */ = {
			isa = PBXFrameworksBuildPhase;
			buildActionMask = 2147483647;
			files = (
			);
			runOnlyForDeploymentPostprocessing = 0;
		};
/* End PBXFrameworksBuildPhase section */

/* Begin PBXGroup section */
		6F83B7192BCED05400A95CD8 = {
			isa = PBXGroup;
			children = (
				6F83B7242BCED05400A95CD8 /* AgePickerComponent */,
				6F83B7232BCED05400A95CD8 /* Products */,
			);
			sourceTree = "<group>";
		};
		6F83B7232BCED05400A95CD8 /* Products */ = {
			isa = PBXGroup;
			children = (
				6F83B7222BCED05400A95CD8 /* AgePickerComponent.app */,
			);
			name = Products;
			sourceTree = "<group>";
		};
		6F83B7242BCED05400A95CD8 /* AgePickerComponent */ = {
			isa = PBXGroup;
			children = (
				6F83B7252BCED05400A95CD8 /* AppDelegate.swift */,
				6F83B7272BCED05400A95CD8 /* SceneDelegate.swift */,
				6F83B7292BCED05400A95CD8 /* MainViewController.swift */,
				6F83B7432BCF05E300A95CD8 /* agePickerVC.swift */,
				6F83B73F2BCED3BE00A95CD8 /* View.swift */,
				6F83B73D2BCED3A400A95CD8 /* ViewModel.swift */,
				6F83B72B2BCED05400A95CD8 /* Main.storyboard */,
				6F83B72E2BCED05700A95CD8 /* Assets.xcassets */,
				6F83B7302BCED05700A95CD8 /* LaunchScreen.storyboard */,
				6F83B7332BCED05700A95CD8 /* Info.plist */,
			);
			path = AgePickerComponent;
			sourceTree = "<group>";
		};
/* End PBXGroup section */

/* Begin PBXNativeTarget section */
		6F83B7212BCED05400A95CD8 /* AgePickerComponent */ = {
			isa = PBXNativeTarget;
			buildConfigurationList = 6F83B7362BCED05700A95CD8 /* Build configuration list for PBXNativeTarget "AgePickerComponent" */;
			buildPhases = (
				6F83B71E2BCED05400A95CD8 /* Sources */,
				6F83B71F2BCED05400A95CD8 /* Frameworks */,
				6F83B7202BCED05400A95CD8 /* Resources */,
			);
			buildRules = (
			);
			dependencies = (
			);
			name = AgePickerComponent;
			productName = AgePickerComponent;
			productReference = 6F83B7222BCED05400A95CD8 /* AgePickerComponent.app */;
			productType = "com.apple.product-type.application";
		};
/* End PBXNativeTarget section */

/* Begin PBXProject section */
		6F83B71A2BCED05400A95CD8 /* Project object */ = {
			isa = PBXProject;
			attributes = {
				BuildIndependentTargetsInParallel = 1;
				LastSwiftUpdateCheck = 1500;
				LastUpgradeCheck = 1500;
				TargetAttributes = {
					6F83B7212BCED05400A95CD8 = {
						CreatedOnToolsVersion = 15.0;
					};
				};
			};
			buildConfigurationList = 6F83B71D2BCED05400A95CD8 /* Build configuration list for PBXProject "AgePickerComponent" */;
			compatibilityVersion = "Xcode 14.0";
			developmentRegion = en;
			hasScannedForEncodings = 0;
			knownRegions = (
				en,
				Base,
			);
			mainGroup = 6F83B7192BCED05400A95CD8;
			productRefGroup = 6F83B7232BCED05400A95CD8 /* Products */;
			projectDirPath = "";
			projectRoot = "";
			targets = (
				6F83B7212BCED05400A95CD8 /* AgePickerComponent */,
			);
		};
/* End PBXProject section */

/* Begin PBXResourcesBuildPhase section */
		6F83B7202BCED05400A95CD8 /* Resources */ = {
			isa = PBXResourcesBuildPhase;
			buildActionMask = 2147483647;
			files = (
				6F83B7322BCED05700A95CD8 /* LaunchScreen.storyboard in Resources */,
				6F83B72F2BCED05700A95CD8 /* Assets.xcassets in Resources */,
				6F83B72D2BCED05400A95CD8 /* Main.storyboard in Resources */,
			);
			runOnlyForDeploymentPostprocessing = 0;
		};
/* End PBXResourcesBuildPhase section */

/* Begin PBXSourcesBuildPhase section */
		6F83B71E2BCED05400A95CD8 /* Sources */ = {
			isa = PBXSourcesBuildPhase;
			buildActionMask = 2147483647;
			files = (
				6F83B73E2BCED3A400A95CD8 /* ViewModel.swift in Sources */,
				6F83B7442BCF05E300A95CD8 /* agePickerVC.swift in Sources */,
				6F83B72A2BCED05400A95CD8 /* MainViewController.swift in Sources */,
				6F83B7402BCED3BE00A95CD8 /* View.swift in Sources */,
				6F83B7262BCED05400A95CD8 /* AppDelegate.swift in Sources */,
				6F83B7282BCED05400A95CD8 /* SceneDelegate.swift in Sources */,
			);
			runOnlyForDeploymentPostprocessing = 0;
		};
/* End PBXSourcesBuildPhase section */

/* Begin PBXVariantGroup section */
		6F83B72B2BCED05400A95CD8 /* Main.storyboard */ = {
			isa = PBXVariantGroup;
			children = (
				6F83B72C2BCED05400A95CD8 /* Base */,
			);
			name = Main.storyboard;
			sourceTree = "<group>";
		};
		6F83B7302BCED05700A95CD8 /* LaunchScreen.storyboard */ = {
			isa = PBXVariantGroup;
			children = (
				6F83B7312BCED05700A95CD8 /* Base */,
			);
			name = LaunchScreen.storyboard;
			sourceTree = "<group>";
		};
/* End PBXVariantGroup section */

/* Begin XCBuildConfiguration section */
		6F83B7342BCED05700A95CD8 /* Debug */ = {
			isa = XCBuildConfiguration;
			buildSettings = {
				ALWAYS_SEARCH_USER_PATHS = NO;
				ASSETCATALOG_COMPILER_GENERATE_SWIFT_ASSET_SYMBOL_EXTENSIONS = YES;
				CLANG_ANALYZER_NONNULL = YES;
				CLANG_ANALYZER_NUMBER_OBJECT_CONVERSION = YES_AGGRESSIVE;
				CLANG_CXX_LANGUAGE_STANDARD = "gnu++20";
				CLANG_ENABLE_MODULES = YES;
				CLANG_ENABLE_OBJC_ARC = YES;
				CLANG_ENABLE_OBJC_WEAK = YES;
				CLANG_WARN_BLOCK_CAPTURE_AUTORELEASING = YES;
				CLANG_WARN_BOOL_CONVERSION = YES;
				CLANG_WARN_COMMA = YES;
				CLANG_WARN_CONSTANT_CONVERSION = YES;
				CLANG_WARN_DEPRECATED_OBJC_IMPLEMENTATIONS = YES;
				CLANG_WARN_DIRECT_OBJC_ISA_USAGE = YES_ERROR;
				CLANG_WARN_DOCUMENTATION_COMMENTS = YES;
				CLANG_WARN_EMPTY_BODY = YES;
				CLANG_WARN_ENUM_CONVERSION = YES;
				CLANG_WARN_INFINITE_RECURSION = YES;
				CLANG_WARN_INT_CONVERSION = YES;
				CLANG_WARN_NON_LITERAL_NULL_CONVERSION = YES;
				CLANG_WARN_OBJC_IMPLICIT_RETAIN_SELF = YES;
				CLANG_WARN_OBJC_LITERAL_CONVERSION = YES;
				CLANG_WARN_OBJC_ROOT_CLASS = YES_ERROR;
				CLANG_WARN_QUOTED_INCLUDE_IN_FRAMEWORK_HEADER = YES;
				CLANG_WARN_RANGE_LOOP_ANALYSIS = YES;
				CLANG_WARN_STRICT_PROTOTYPES = YES;
				CLANG_WARN_SUSPICIOUS_MOVE = YES;
				CLANG_WARN_UNGUARDED_AVAILABILITY = YES_AGGRESSIVE;
				CLANG_WARN_UNREACHABLE_CODE = YES;
				CLANG_WARN__DUPLICATE_METHOD_MATCH = YES;
				COPY_PHASE_STRIP = NO;
				DEBUG_INFORMATION_FORMAT = dwarf;
				ENABLE_STRICT_OBJC_MSGSEND = YES;
				ENABLE_TESTABILITY = YES;
				ENABLE_USER_SCRIPT_SANDBOXING = YES;
				GCC_C_LANGUAGE_STANDARD = gnu17;
				GCC_DYNAMIC_NO_PIC = NO;
				GCC_NO_COMMON_BLOCKS = YES;
				GCC_OPTIMIZATION_LEVEL = 0;
				GCC_PREPROCESSOR_DEFINITIONS = (
					"DEBUG=1",
					"$(inherited)",
				);
				GCC_WARN_64_TO_32_BIT_CONVERSION = YES;
				GCC_WARN_ABOUT_RETURN_TYPE = YES_ERROR;
				GCC_WARN_UNDECLARED_SELECTOR = YES;
				GCC_WARN_UNINITIALIZED_AUTOS = YES_AGGRESSIVE;
				GCC_WARN_UNUSED_FUNCTION = YES;
				GCC_WARN_UNUSED_VARIABLE = YES;
				IPHONEOS_DEPLOYMENT_TARGET = 17.0;
				LOCALIZATION_PREFERS_STRING_CATALOGS = YES;
				MTL_ENABLE_DEBUG_INFO = INCLUDE_SOURCE;
				MTL_FAST_MATH = YES;
				ONLY_ACTIVE_ARCH = YES;
				SDKROOT = iphoneos;
				SWIFT_ACTIVE_COMPILATION_CONDITIONS = "DEBUG $(inherited)";
				SWIFT_OPTIMIZATION_LEVEL = "-Onone";
			};
			name = Debug;
		};
		6F83B7352BCED05700A95CD8 /* Release */ = {
			isa = XCBuildConfiguration;
			buildSettings = {
				ALWAYS_SEARCH_USER_PATHS = NO;
				ASSETCATALOG_COMPILER_GENERATE_SWIFT_ASSET_SYMBOL_EXTENSIONS = YES;
				CLANG_ANALYZER_NONNULL = YES;
				CLANG_ANALYZER_NUMBER_OBJECT_CONVERSION = YES_AGGRESSIVE;
				CLANG_CXX_LANGUAGE_STANDARD = "gnu++20";
				CLANG_ENABLE_MODULES = YES;
				CLANG_ENABLE_OBJC_ARC = YES;
				CLANG_ENABLE_OBJC_WEAK = YES;
				CLANG_WARN_BLOCK_CAPTURE_AUTORELEASING = YES;
				CLANG_WARN_BOOL_CONVERSION = YES;
				CLANG_WARN_COMMA = YES;
				CLANG_WARN_CONSTANT_CONVERSION = YES;
				CLANG_WARN_DEPRECATED_OBJC_IMPLEMENTATIONS = YES;
				CLANG_WARN_DIRECT_OBJC_ISA_USAGE = YES_ERROR;
				CLANG_WARN_DOCUMENTATION_COMMENTS = YES;
				CLANG_WARN_EMPTY_BODY = YES;
				CLANG_WARN_ENUM_CONVERSION = YES;
				CLANG_WARN_INFINITE_RECURSION = YES;
				CLANG_WARN_INT_CONVERSION = YES;
				CLANG_WARN_NON_LITERAL_NULL_CONVERSION = YES;
				CLANG_WARN_OBJC_IMPLICIT_RETAIN_SELF = YES;
				CLANG_WARN_OBJC_LITERAL_CONVERSION = YES;
				CLANG_WARN_OBJC_ROOT_CLASS = YES_ERROR;
				CLANG_WARN_QUOTED_INCLUDE_IN_FRAMEWORK_HEADER = YES;
				CLANG_WARN_RANGE_LOOP_ANALYSIS = YES;
				CLANG_WARN_STRICT_PROTOTYPES = YES;
				CLANG_WARN_SUSPICIOUS_MOVE = YES;
				CLANG_WARN_UNGUARDED_AVAILABILITY = YES_AGGRESSIVE;
				CLANG_WARN_UNREACHABLE_CODE = YES;
				CLANG_WARN__DUPLICATE_METHOD_MATCH = YES;
				COPY_PHASE_STRIP = NO;
				DEBUG_INFORMATION_FORMAT = "dwarf-with-dsym";
				ENABLE_NS_ASSERTIONS = NO;
				ENABLE_STRICT_OBJC_MSGSEND = YES;
				ENABLE_USER_SCRIPT_SANDBOXING = YES;
				GCC_C_LANGUAGE_STANDARD = gnu17;
				GCC_NO_COMMON_BLOCKS = YES;
				GCC_WARN_64_TO_32_BIT_CONVERSION = YES;
				GCC_WARN_ABOUT_RETURN_TYPE = YES_ERROR;
				GCC_WARN_UNDECLARED_SELECTOR = YES;
				GCC_WARN_UNINITIALIZED_AUTOS = YES_AGGRESSIVE;
				GCC_WARN_UNUSED_FUNCTION = YES;
				GCC_WARN_UNUSED_VARIABLE = YES;
				IPHONEOS_DEPLOYMENT_TARGET = 17.0;
				LOCALIZATION_PREFERS_STRING_CATALOGS = YES;
				MTL_ENABLE_DEBUG_INFO = NO;
				MTL_FAST_MATH = YES;
				SDKROOT = iphoneos;
				SWIFT_COMPILATION_MODE = wholemodule;
				VALIDATE_PRODUCT = YES;
			};
			name = Release;
		};
		6F83B7372BCED05700A95CD8 /* Debug */ = {
			isa = XCBuildConfiguration;
			buildSettings = {
				ASSETCATALOG_COMPILER_APPICON_NAME = AppIcon;
				ASSETCATALOG_COMPILER_GLOBAL_ACCENT_COLOR_NAME = AccentColor;
				CODE_SIGN_STYLE = Automatic;
				CURRENT_PROJECT_VERSION = 1;
				DEVELOPMENT_TEAM = L765ZY934H;
				GENERATE_INFOPLIST_FILE = YES;
				INFOPLIST_FILE = AgePickerComponent/Info.plist;
				INFOPLIST_KEY_UIApplicationSupportsIndirectInputEvents = YES;
				INFOPLIST_KEY_UILaunchStoryboardName = LaunchScreen;
				INFOPLIST_KEY_UIMainStoryboardFile = Main;
				INFOPLIST_KEY_UISupportedInterfaceOrientations_iPad = "UIInterfaceOrientationPortrait UIInterfaceOrientationPortraitUpsideDown UIInterfaceOrientationLandscapeLeft UIInterfaceOrientationLandscapeRight";
				INFOPLIST_KEY_UISupportedInterfaceOrientations_iPhone = "UIInterfaceOrientationPortrait UIInterfaceOrientationLandscapeLeft UIInterfaceOrientationLandscapeRight";
				LD_RUNPATH_SEARCH_PATHS = (
					"$(inherited)",
					"@executable_path/Frameworks",
				);
				MARKETING_VERSION = 1.0;
				PRODUCT_BUNDLE_IDENTIFIER = rohit.AgePickerComponent;
				PRODUCT_NAME = "$(TARGET_NAME)";
				SWIFT_EMIT_LOC_STRINGS = YES;
				SWIFT_VERSION = 5.0;
				TARGETED_DEVICE_FAMILY = "1,2";
			};
			name = Debug;
		};
		6F83B7382BCED05700A95CD8 /* Release */ = {
			isa = XCBuildConfiguration;
			buildSettings = {
				ASSETCATALOG_COMPILER_APPICON_NAME = AppIcon;
				ASSETCATALOG_COMPILER_GLOBAL_ACCENT_COLOR_NAME = AccentColor;
				CODE_SIGN_STYLE = Automatic;
				CURRENT_PROJECT_VERSION = 1;
				DEVELOPMENT_TEAM = L765ZY934H;
				GENERATE_INFOPLIST_FILE = YES;
				INFOPLIST_FILE = AgePickerComponent/Info.plist;
				INFOPLIST_KEY_UIApplicationSupportsIndirectInputEvents = YES;
				INFOPLIST_KEY_UILaunchStoryboardName = LaunchScreen;
				INFOPLIST_KEY_UIMainStoryboardFile = Main;
				INFOPLIST_KEY_UISupportedInterfaceOrientations_iPad = "UIInterfaceOrientationPortrait UIInterfaceOrientationPortraitUpsideDown UIInterfaceOrientationLandscapeLeft UIInterfaceOrientationLandscapeRight";
				INFOPLIST_KEY_UISupportedInterfaceOrientations_iPhone = "UIInterfaceOrientationPortrait UIInterfaceOrientationLandscapeLeft UIInterfaceOrientationLandscapeRight";
				LD_RUNPATH_SEARCH_PATHS = (
					"$(inherited)",
					"@executable_path/Frameworks",
				);
				MARKETING_VERSION = 1.0;
				PRODUCT_BUNDLE_IDENTIFIER = rohit.AgePickerComponent;
				PRODUCT_NAME = "$(TARGET_NAME)";
				SWIFT_EMIT_LOC_STRINGS = YES;
				SWIFT_VERSION = 5.0;
				TARGETED_DEVICE_FAMILY = "1,2";
			};
			name = Release;
		};
/* End XCBuildConfiguration section */

/* Begin XCConfigurationList section */
		6F83B71D2BCED05400A95CD8 /* Build configuration list for PBXProject "AgePickerComponent" */ = {
			isa = XCConfigurationList;
			buildConfigurations = (
				6F83B7342BCED05700A95CD8 /* Debug */,
				6F83B7352BCED05700A95CD8 /* Release */,
			);
			defaultConfigurationIsVisible = 0;
			defaultConfigurationName = Release;
		};
		6F83B7362BCED05700A95CD8 /* Build configuration list for PBXNativeTarget "AgePickerComponent" */ = {
			isa = XCConfigurationList;
			buildConfigurations = (
				6F83B7372BCED05700A95CD8 /* Debug */,
				6F83B7382BCED05700A95CD8 /* Release */,
			);
			defaultConfigurationIsVisible = 0;
			defaultConfigurationName = Release;
		};
/* End XCConfigurationList section */
	};
	rootObject = 6F83B71A2BCED05400A95CD8 /* Project object */;
}
